
Microsoft Visual Studio Solution File, Format Version 12.00
# Visual Studio Version 17
VisualStudioVersion = 17.0.31606.5
MinimumVisualStudioVersion = 10.0.40219.1
Project("{9A19103F-16F7-4668-BE54-9A1E7A4F7556}") = "ZirconSound", "src\ZirconSound\ZirconSound.csproj", "{D3CED07D-9272-4A71-979F-62A7AB3F1969}"
	ProjectSection(ProjectDependencies) = postProject
		{582BA1C3-4D21-4295-B751-010BDB5F9AEA} = {582BA1C3-4D21-4295-B751-010BDB5F9AEA}
	EndProjectSection
EndProject
Project("{9A19103F-16F7-4668-BE54-9A1E7A4F7556}") = "ZirconSound.ApplicationCommands", "src\ZirconSound.SlashCommands\ZirconSound.ApplicationCommands.csproj", "{582BA1C3-4D21-4295-B751-010BDB5F9AEA}"
EndProject
Project("{9A19103F-16F7-4668-BE54-9A1E7A4F7556}") = "ZirconSound.Hosting", "src\ZirconSound.Hosting\ZirconSound.Hosting.csproj", "{8F4FA13D-6EF4-4C95-A347-8E7B3DF6A467}"
EndProject
Project("{9A19103F-16F7-4668-BE54-9A1E7A4F7556}") = "ZirconSound.Common", "src\ZirconSound.Common\ZirconSound.Common.csproj", "{0D1C9395-8708-490F-91DD-422C96B0E494}"
EndProject
Project("{2150E333-8FDC-42A3-9474-1A3956D46DE8}") = "Solution Items", "Solution Items", "{AAAA91BE-23A3-415D-B4E5-E21093264678}"
	ProjectSection(SolutionItems) = preProject
		build.cake = build.cake
		azure\build.yml = azure\build.yml
		.config\dotnet-tools.json = .config\dotnet-tools.json
	EndProjectSection
EndProject
Global
	GlobalSection(SolutionConfigurationPlatforms) = preSolution
		Debug|Any CPU = Debug|Any CPU
		Debug|x64 = Debug|x64
		Release|Any CPU = Release|Any CPU
		Release|x64 = Release|x64
	EndGlobalSection
	GlobalSection(ProjectConfigurationPlatforms) = postSolution
		{D3CED07D-9272-4A71-979F-62A7AB3F1969}.Debug|Any CPU.ActiveCfg = Debug|Any CPU
		{D3CED07D-9272-4A71-979F-62A7AB3F1969}.Debug|Any CPU.Build.0 = Debug|Any CPU
		{D3CED07D-9272-4A71-979F-62A7AB3F1969}.Debug|x64.ActiveCfg = Debug|x64
		{D3CED07D-9272-4A71-979F-62A7AB3F1969}.Debug|x64.Build.0 = Debug|x64
		{D3CED07D-9272-4A71-979F-62A7AB3F1969}.Release|Any CPU.ActiveCfg = Release|Any CPU
		{D3CED07D-9272-4A71-979F-62A7AB3F1969}.Release|Any CPU.Build.0 = Release|Any CPU
		{D3CED07D-9272-4A71-979F-62A7AB3F1969}.Release|x64.ActiveCfg = Release|x64
		{D3CED07D-9272-4A71-979F-62A7AB3F1969}.Release|x64.Build.0 = Release|x64
		{582BA1C3-4D21-4295-B751-010BDB5F9AEA}.Debug|Any CPU.ActiveCfg = Debug|Any CPU
		{582BA1C3-4D21-4295-B751-010BDB5F9AEA}.Debug|Any CPU.Build.0 = Debug|Any CPU
		{582BA1C3-4D21-4295-B751-010BDB5F9AEA}.Debug|x64.ActiveCfg = Debug|Any CPU
		{582BA1C3-4D21-4295-B751-010BDB5F9AEA}.Debug|x64.Build.0 = Debug|Any CPU
		{582BA1C3-4D21-4295-B751-010BDB5F9AEA}.Release|Any CPU.ActiveCfg = Release|Any CPU
		{582BA1C3-4D21-4295-B751-010BDB5F9AEA}.Release|Any CPU.Build.0 = Release|Any CPU
		{582BA1C3-4D21-4295-B751-010BDB5F9AEA}.Release|x64.ActiveCfg = Release|Any CPU
		{582BA1C3-4D21-4295-B751-010BDB5F9AEA}.Release|x64.Build.0 = Release|Any CPU
		{8F4FA13D-6EF4-4C95-A347-8E7B3DF6A467}.Debug|Any CPU.ActiveCfg = Debug|Any CPU
		{8F4FA13D-6EF4-4C95-A347-8E7B3DF6A467}.Debug|Any CPU.Build.0 = Debug|Any CPU
		{8F4FA13D-6EF4-4C95-A347-8E7B3DF6A467}.Debug|x64.ActiveCfg = Debug|Any CPU
		{8F4FA13D-6EF4-4C95-A347-8E7B3DF6A467}.Debug|x64.Build.0 = Debug|Any CPU
		{8F4FA13D-6EF4-4C95-A347-8E7B3DF6A467}.Release|Any CPU.ActiveCfg = Release|Any CPU
		{8F4FA13D-6EF4-4C95-A347-8E7B3DF6A467}.Release|Any CPU.Build.0 = Release|Any CPU
		{8F4FA13D-6EF4-4C95-A347-8E7B3DF6A467}.Release|x64.ActiveCfg = Release|Any CPU
		{8F4FA13D-6EF4-4C95-A347-8E7B3DF6A467}.Release|x64.Build.0 = Release|Any CPU
		{0D1C9395-8708-490F-91DD-422C96B0E494}.Debug|Any CPU.ActiveCfg = Debug|Any CPU
		{0D1C9395-8708-490F-91DD-422C96B0E494}.Debug|Any CPU.Build.0 = Debug|Any CPU
		{0D1C9395-8708-490F-91DD-422C96B0E494}.Debug|x64.ActiveCfg = Debug|Any CPU
		{0D1C9395-8708-490F-91DD-422C96B0E494}.Debug|x64.Build.0 = Debug|Any CPU
		{0D1C9395-8708-490F-91DD-422C96B0E494}.Release|Any CPU.ActiveCfg = Release|Any CPU
		{0D1C9395-8708-490F-91DD-422C96B0E494}.Release|Any CPU.Build.0 = Release|Any CPU
		{0D1C9395-8708-490F-91DD-422C96B0E494}.Release|x64.ActiveCfg = Release|Any CPU
		{0D1C9395-8708-490F-91DD-422C96B0E494}.Release|x64.Build.0 = Release|Any CPU
	EndGlobalSection
	GlobalSection(SolutionProperties) = preSolution
		HideSolutionNode = FALSE
	EndGlobalSection
	GlobalSection(ExtensibilityGlobals) = postSolution
		SolutionGuid = {A856CE5D-8094-43CD-9588-1F8DAC57A320}
	EndGlobalSection
EndGlobal
