
Microsoft Visual Studio Solution File, Format Version 12.00
# Visual Studio Version 17
VisualStudioVersion = 17.4.33122.133
MinimumVisualStudioVersion = 10.0.40219.1
Project("{9A19103F-16F7-4668-BE54-9A1E7A4F7556}") = "ZirconSound.Console", "src\ZirconSound.Console\ZirconSound.Console.csproj", "{F65A6CD7-A6D7-4846-92A9-BC7F68E96F13}"
EndProject
Project("{FAE04EC0-301F-11D3-BF4B-00C04F79EFBC}") = "ZirconSound.Application", "src\ZirconSound.Commands\ZirconSound.Application.csproj", "{20D4A592-362C-4771-80E7-334457FEEAE3}"
EndProject
Project("{FAE04EC0-301F-11D3-BF4B-00C04F79EFBC}") = "ZirconSound.Core", "src\ZirconSound.Core\ZirconSound.Core.csproj", "{6C5DB824-05BF-4672-8AB9-9FF9EF48A5C4}"
EndProject
Project("{FAE04EC0-301F-11D3-BF4B-00C04F79EFBC}") = "ZirconSound.Infrastructure", "src\ZirconSound.Infrastructure\ZirconSound.Infrastructure.csproj", "{2E5D126F-D3FC-4F32-AF65-A6BA9F9AC9BB}"
EndProject
Global
	GlobalSection(SolutionConfigurationPlatforms) = preSolution
		Debug|Any CPU = Debug|Any CPU
		Release|Any CPU = Release|Any CPU
	EndGlobalSection
	GlobalSection(ProjectConfigurationPlatforms) = postSolution
		{F65A6CD7-A6D7-4846-92A9-BC7F68E96F13}.Debug|Any CPU.ActiveCfg = Debug|Any CPU
		{F65A6CD7-A6D7-4846-92A9-BC7F68E96F13}.Debug|Any CPU.Build.0 = Debug|Any CPU
		{F65A6CD7-A6D7-4846-92A9-BC7F68E96F13}.Release|Any CPU.ActiveCfg = Release|Any CPU
		{F65A6CD7-A6D7-4846-92A9-BC7F68E96F13}.Release|Any CPU.Build.0 = Release|Any CPU
		{20D4A592-362C-4771-80E7-334457FEEAE3}.Debug|Any CPU.ActiveCfg = Debug|Any CPU
		{20D4A592-362C-4771-80E7-334457FEEAE3}.Debug|Any CPU.Build.0 = Debug|Any CPU
		{20D4A592-362C-4771-80E7-334457FEEAE3}.Release|Any CPU.ActiveCfg = Release|Any CPU
		{20D4A592-362C-4771-80E7-334457FEEAE3}.Release|Any CPU.Build.0 = Release|Any CPU
		{6C5DB824-05BF-4672-8AB9-9FF9EF48A5C4}.Debug|Any CPU.ActiveCfg = Debug|Any CPU
		{6C5DB824-05BF-4672-8AB9-9FF9EF48A5C4}.Debug|Any CPU.Build.0 = Debug|Any CPU
		{6C5DB824-05BF-4672-8AB9-9FF9EF48A5C4}.Release|Any CPU.ActiveCfg = Release|Any CPU
		{6C5DB824-05BF-4672-8AB9-9FF9EF48A5C4}.Release|Any CPU.Build.0 = Release|Any CPU
		{2E5D126F-D3FC-4F32-AF65-A6BA9F9AC9BB}.Debug|Any CPU.ActiveCfg = Debug|Any CPU
		{2E5D126F-D3FC-4F32-AF65-A6BA9F9AC9BB}.Debug|Any CPU.Build.0 = Debug|Any CPU
		{2E5D126F-D3FC-4F32-AF65-A6BA9F9AC9BB}.Release|Any CPU.ActiveCfg = Release|Any CPU
		{2E5D126F-D3FC-4F32-AF65-A6BA9F9AC9BB}.Release|Any CPU.Build.0 = Release|Any CPU
	EndGlobalSection
	GlobalSection(SolutionProperties) = preSolution
		HideSolutionNode = FALSE
	EndGlobalSection
	GlobalSection(ExtensibilityGlobals) = postSolution
		SolutionGuid = {8C2FB176-8AA1-47E3-8B7B-84618C1BB49C}
	EndGlobalSection
EndGlobal
